<?xml version="1.0" encoding="utf-8"?>
<Project ToolsVersion="4.0" xmlns="http://schemas.microsoft.com/developer/msbuild/2003">
  <ItemGroup>
    <Filter Include="Generierte Dateien">
      <UniqueIdentifier>{71ED8ED8-ACB9-4CE9-BBE1-E00B30144E11}</UniqueIdentifier>
      <Extensions>cpp;c;cxx;moc;h;def;odl;idl;res;</Extensions>
    </Filter>
    <Filter Include="Generierte Dateien\Debug">
      <UniqueIdentifier>{28e013ae-94e6-41a6-a20a-38770d1037c6}</UniqueIdentifier>
      <Extensions>cpp;moc</Extensions>
      <SourceControlFiles>False</SourceControlFiles>
    </Filter>
    <Filter Include="Generierte Dateien\Release">
      <UniqueIdentifier>{9a5eae38-f9c1-4d9f-b699-9b1e02a507cc}</UniqueIdentifier>
      <Extensions>cpp;moc</Extensions>
      <SourceControlFiles>False</SourceControlFiles>
    </Filter>
    <Filter Include="Header Dateien">
      <UniqueIdentifier>{93995380-89BD-4b04-88EB-625FBE52EBFB}</UniqueIdentifier>
      <Extensions>h;hpp;hxx;hm;inl;inc;xsd</Extensions>
    </Filter>
    <Filter Include="Resource Dateien">
      <UniqueIdentifier>{D9D6E242-F8AF-46E4-B9FD-80ECBC20BA3E}</UniqueIdentifier>
      <Extensions>qrc;*</Extensions>
      <ParseFiles>false</ParseFiles>
    </Filter>
    <Filter Include="Source Dateien">
      <UniqueIdentifier>{4FC737F1-C7A5-4376-A066-2A32D752A2FF}</UniqueIdentifier>
      <Extensions>cpp;c;cxx;def;odl;idl;hpj;bat;asm;asmx</Extensions>
    </Filter>
  </ItemGroup>
  <ItemGroup>
    <ClCompile Include="common\abstractscene.cpp">
      <Filter>Source Dateien</Filter>
    </ClCompile>
    <ClCompile Include="common\camera.cpp">
      <Filter>Source Dateien</Filter>
    </ClCompile>
    <ClCompile Include="main.cpp">
      <Filter>Source Dateien</Filter>
    </ClCompile>
    <ClCompile Include="common\material.cpp">
      <Filter>Source Dateien</Filter>
    </ClCompile>
    <ClCompile Include="common\sampler.cpp">
      <Filter>Source Dateien</Filter>
    </ClCompile>
    <ClCompile Include="terraintessellationscene.cpp">
      <Filter>Source Dateien</Filter>
    </ClCompile>
    <ClCompile Include="common\texture.cpp">
      <Filter>Source Dateien</Filter>
    </ClCompile>
    <ClCompile Include="window.cpp">
      <Filter>Source Dateien</Filter>
    </ClCompile>
    <ClCompile Include="Debug\moc_abstractscene.cpp">
      <Filter>Generierte Dateien\Debug</Filter>
    </ClCompile>
    <ClCompile Include="Release\moc_abstractscene.cpp">
      <Filter>Generierte Dateien\Release</Filter>
    </ClCompile>
    <ClCompile Include="Debug\moc_camera.cpp">
      <Filter>Generierte Dateien\Debug</Filter>
    </ClCompile>
    <ClCompile Include="Release\moc_camera.cpp">
      <Filter>Generierte Dateien\Release</Filter>
    </ClCompile>
    <ClCompile Include="Debug\moc_terraintessellationscene.cpp">
      <Filter>Generierte Dateien\Debug</Filter>
    </ClCompile>
    <ClCompile Include="Release\moc_terraintessellationscene.cpp">
      <Filter>Generierte Dateien\Release</Filter>
    </ClCompile>
    <ClCompile Include="Debug\moc_window.cpp">
      <Filter>Generierte Dateien\Debug</Filter>
    </ClCompile>
    <ClCompile Include="Release\moc_window.cpp">
      <Filter>Generierte Dateien\Release</Filter>
    </ClCompile>
    <ClCompile Include="GeneratedFiles\qrc_terrain_tessellation.cpp">
      <Filter>Generierte Dateien</Filter>
    </ClCompile>
    <ClCompile Include="LoaderObj.cpp">
      <Filter>Generierte Dateien</Filter>
    </ClCompile>
  </ItemGroup>
  <ItemGroup>
    <CustomBuild Include="common\abstractscene.h">
      <Filter>Header Dateien</Filter>
    </CustomBuild>
    <CustomBuild Include="common\camera.h">
      <Filter>Header Dateien</Filter>
    </CustomBuild>
    <ClInclude Include="common\camera_p.h">
      <Filter>Header Dateien</Filter>
    </ClInclude>
    <ClInclude Include="common\material.h">
      <Filter>Header Dateien</Filter>
    </ClInclude>
    <ClInclude Include="common\sampler.h">
      <Filter>Header Dateien</Filter>
    </ClInclude>
    <CustomBuild Include="terraintessellationscene.h">
      <Filter>Header Dateien</Filter>
    </CustomBuild>
    <ClInclude Include="common\texture.h">
      <Filter>Header Dateien</Filter>
    </ClInclude>
    <CustomBuild Include="window.h">
      <Filter>Header Dateien</Filter>
    </CustomBuild>
  </ItemGroup>
  <ItemGroup>
    <CustomBuild Include="terrain_tessellation.qrc">
      <Filter>Resource Dateien</Filter>
    </CustomBuild>
    <None Include="shaders\terraintessellation.frag">
      <Filter>Resource Dateien</Filter>
    </None>
    <None Include="shaders\terraintessellation.geom">
      <Filter>Resource Dateien</Filter>
    </None>
    <None Include="shaders\terraintessellation.tcs">
      <Filter>Resource Dateien</Filter>
    </None>
    <None Include="shaders\terraintessellation.tes">
      <Filter>Resource Dateien</Filter>
    </None>
    <None Include="shaders\terraintessellation.vert">
      <Filter>Resource Dateien</Filter>
    </None>
  </ItemGroup>
  <ItemGroup>
    <None Include="shaders\object.frag">
      <Filter>Resource Dateien</Filter>
    </None>
    <None Include="shaders\object.geom">
      <Filter>Resource Dateien</Filter>
    </None>
    <None Include="shaders\object.vert">
      <Filter>Resource Dateien</Filter>
    </None>
    <None Include="shaders\truhe.mtl">
      <Filter>Resource Dateien</Filter>
    </None>
  </ItemGroup>
  <ItemGroup>
    <Image Include="shaders\truhe_color.png">
      <Filter>Resource Dateien</Filter>
    </Image>
    <Image Include="shaders\truhe_normal.png">
      <Filter>Resource Dateien</Filter>
    </Image>
    <Image Include="shaders\truhe_spec.png">
      <Filter>Resource Dateien</Filter>
    </Image>
  </ItemGroup>
  <ItemGroup>
    <ClInclude Include="LoaderObj.h">
      <Filter>Header Dateien</Filter>
    </ClInclude>
  </ItemGroup>
</Project>